
Microsoft Visual Studio Solution File, Format Version 10.00
# Visual Studio 2008
Project("{8BC9CEB8-8B4A-11D0-8D11-00A0C91BC942}") = "hydra", "hydra\hydra.vcproj", "{839C8F8D-5C77-4F24-9585-919FDE1E22FD}"
EndProject
Global
	GlobalSection(SolutionConfigurationPlatforms) = preSolution
		Debug|Win32 = Debug|Win32
		Release|Win32 = Release|Win32
	EndGlobalSection
	GlobalSection(ProjectConfigurationPlatforms) = postSolution
		{839C8F8D-5C77-4F24-9585-919FDE1E22FD}.Debug|Win32.ActiveCfg = Debug|Win32
		{839C8F8D-5C77-4F24-9585-919FDE1E22FD}.Debug|Win32.Build.0 = Debug|Win32
		{839C8F8D-5C77-4F24-9585-919FDE1E22FD}.Release|Win32.ActiveCfg = Release|Win32
		{839C8F8D-5C77-4F24-9585-919FDE1E22FD}.Release|Win32.Build.0 = Release|Win32
	EndGlobalSection
	GlobalSection(SolutionProperties) = preSolution
		HideSolutionNode = FALSE
	EndGlobalSection
EndGlobal
